
Microsoft Visual Studio Solution File, Format Version 12.00
# Visual Studio Version 17
VisualStudioVersion = 17.13.35919.96
MinimumVisualStudioVersion = 10.0.40219.1
Project("{FAE04EC0-301F-11D3-BF4B-00C04F79EFBC}") = "Library.Domain", "Library.Domain\Library.Domain.csproj", "{6D9E6A5B-4668-4734-8054-6462E3F53CFA}"
EndProject
Project("{FAE04EC0-301F-11D3-BF4B-00C04F79EFBC}") = "Library.Tests", "Library.Tests\Library.Tests.csproj", "{95B57661-E23C-4FB0-BA44-3EC064D3E548}"
EndProject
Project("{FAE04EC0-301F-11D3-BF4B-00C04F79EFBC}") = "Library.Application", "Library.Application\Library.Application.csproj", "{E28E9C59-370C-4754-9B8C-E655361111D3}"
EndProject
Project("{FAE04EC0-301F-11D3-BF4B-00C04F79EFBC}") = "Library.Api", "Library.Api\Library.Api.csproj", "{9946357C-5B07-4F89-B6B9-1857A3938513}"
EndProject
Project("{FAE04EC0-301F-11D3-BF4B-00C04F79EFBC}") = "Library.Application.Contracts", "Library.Application.Contracts\Library.Application.Contracts.csproj", "{D9C1D28C-9F47-436B-B2D9-32D85F6761C2}"
EndProject
Project("{FAE04EC0-301F-11D3-BF4B-00C04F79EFBC}") = "Library.AppHost", "Library.AppHost\Library.AppHost.csproj", "{5DD2D793-681F-49D4-A32F-552D8499B7B9}"
EndProject
Project("{FAE04EC0-301F-11D3-BF4B-00C04F79EFBC}") = "Library.ServiceDefaults", "Library.ServiceDefaults\Library.ServiceDefaults.csproj", "{20A02B2E-00E1-4B45-B91C-7438E1086DE8}"
EndProject
Project("{FAE04EC0-301F-11D3-BF4B-00C04F79EFBC}") = "Library.Infrastructure.InMemory", "Library.Infrastructure.InMemory\Library.Infrastructure.InMemory.csproj", "{30AC4899-008A-81D3-665E-0F7D8359BE2E}"
EndProject
Project("{FAE04EC0-301F-11D3-BF4B-00C04F79EFBC}") = "Library.Infrastructure.Mongo", "Library.Infrastructure.Mongo\Library.Infrastructure.Mongo.csproj", "{90E5CFCC-7255-B86F-9D53-4EAD423B792E}"
EndProject
Global
	GlobalSection(SolutionConfigurationPlatforms) = preSolution
		Debug|Any CPU = Debug|Any CPU
		Release|Any CPU = Release|Any CPU
	EndGlobalSection
	GlobalSection(ProjectConfigurationPlatforms) = postSolution
		{6D9E6A5B-4668-4734-8054-6462E3F53CFA}.Debug|Any CPU.ActiveCfg = Debug|Any CPU
		{6D9E6A5B-4668-4734-8054-6462E3F53CFA}.Debug|Any CPU.Build.0 = Debug|Any CPU
		{6D9E6A5B-4668-4734-8054-6462E3F53CFA}.Release|Any CPU.ActiveCfg = Release|Any CPU
		{6D9E6A5B-4668-4734-8054-6462E3F53CFA}.Release|Any CPU.Build.0 = Release|Any CPU
		{95B57661-E23C-4FB0-BA44-3EC064D3E548}.Debug|Any CPU.ActiveCfg = Debug|Any CPU
		{95B57661-E23C-4FB0-BA44-3EC064D3E548}.Debug|Any CPU.Build.0 = Debug|Any CPU
		{95B57661-E23C-4FB0-BA44-3EC064D3E548}.Release|Any CPU.ActiveCfg = Release|Any CPU
		{95B57661-E23C-4FB0-BA44-3EC064D3E548}.Release|Any CPU.Build.0 = Release|Any CPU
		{E28E9C59-370C-4754-9B8C-E655361111D3}.Debug|Any CPU.ActiveCfg = Debug|Any CPU
		{E28E9C59-370C-4754-9B8C-E655361111D3}.Debug|Any CPU.Build.0 = Debug|Any CPU
		{E28E9C59-370C-4754-9B8C-E655361111D3}.Release|Any CPU.ActiveCfg = Release|Any CPU
		{E28E9C59-370C-4754-9B8C-E655361111D3}.Release|Any CPU.Build.0 = Release|Any CPU
		{9946357C-5B07-4F89-B6B9-1857A3938513}.Debug|Any CPU.ActiveCfg = Debug|Any CPU
		{9946357C-5B07-4F89-B6B9-1857A3938513}.Debug|Any CPU.Build.0 = Debug|Any CPU
		{9946357C-5B07-4F89-B6B9-1857A3938513}.Release|Any CPU.ActiveCfg = Release|Any CPU
		{9946357C-5B07-4F89-B6B9-1857A3938513}.Release|Any CPU.Build.0 = Release|Any CPU
		{D9C1D28C-9F47-436B-B2D9-32D85F6761C2}.Debug|Any CPU.ActiveCfg = Debug|Any CPU
		{D9C1D28C-9F47-436B-B2D9-32D85F6761C2}.Debug|Any CPU.Build.0 = Debug|Any CPU
		{D9C1D28C-9F47-436B-B2D9-32D85F6761C2}.Release|Any CPU.ActiveCfg = Release|Any CPU
		{D9C1D28C-9F47-436B-B2D9-32D85F6761C2}.Release|Any CPU.Build.0 = Release|Any CPU
		{5DD2D793-681F-49D4-A32F-552D8499B7B9}.Debug|Any CPU.ActiveCfg = Debug|Any CPU
		{5DD2D793-681F-49D4-A32F-552D8499B7B9}.Debug|Any CPU.Build.0 = Debug|Any CPU
		{5DD2D793-681F-49D4-A32F-552D8499B7B9}.Release|Any CPU.ActiveCfg = Release|Any CPU
		{5DD2D793-681F-49D4-A32F-552D8499B7B9}.Release|Any CPU.Build.0 = Release|Any CPU
		{20A02B2E-00E1-4B45-B91C-7438E1086DE8}.Debug|Any CPU.ActiveCfg = Debug|Any CPU
		{20A02B2E-00E1-4B45-B91C-7438E1086DE8}.Debug|Any CPU.Build.0 = Debug|Any CPU
		{20A02B2E-00E1-4B45-B91C-7438E1086DE8}.Release|Any CPU.ActiveCfg = Release|Any CPU
		{20A02B2E-00E1-4B45-B91C-7438E1086DE8}.Release|Any CPU.Build.0 = Release|Any CPU
		{30AC4899-008A-81D3-665E-0F7D8359BE2E}.Debug|Any CPU.ActiveCfg = Debug|Any CPU
		{30AC4899-008A-81D3-665E-0F7D8359BE2E}.Debug|Any CPU.Build.0 = Debug|Any CPU
		{30AC4899-008A-81D3-665E-0F7D8359BE2E}.Release|Any CPU.ActiveCfg = Release|Any CPU
		{30AC4899-008A-81D3-665E-0F7D8359BE2E}.Release|Any CPU.Build.0 = Release|Any CPU
		{90E5CFCC-7255-B86F-9D53-4EAD423B792E}.Debug|Any CPU.ActiveCfg = Debug|Any CPU
		{90E5CFCC-7255-B86F-9D53-4EAD423B792E}.Debug|Any CPU.Build.0 = Debug|Any CPU
		{90E5CFCC-7255-B86F-9D53-4EAD423B792E}.Release|Any CPU.ActiveCfg = Release|Any CPU
		{90E5CFCC-7255-B86F-9D53-4EAD423B792E}.Release|Any CPU.Build.0 = Release|Any CPU
	EndGlobalSection
	GlobalSection(SolutionProperties) = preSolution
		HideSolutionNode = FALSE
	EndGlobalSection
	GlobalSection(ExtensibilityGlobals) = postSolution
		SolutionGuid = {3CE86E62-53F5-4F8F-A4C9-57D0290B8173}
	EndGlobalSection
EndGlobal
